// !$*UTF8*$!
{
	archiveVersion = 1;
	classes = {
	};
	objectVersion = 77;
	objects = {

/* Begin PBXContainerItemProxy section */
		24B482462DAEA74300F1CDC0 /* PBXContainerItemProxy */ = {
			isa = PBXContainerItemProxy;
			containerPortal = 24B482242DAEA74200F1CDC0 /* Project object */;
			proxyType = 1;
			remoteGlobalIDString = 24B4822B2DAEA74200F1CDC0;
			remoteInfo = failand;
		};
		24B482502DAEA74300F1CDC0 /* PBXContainerItemProxy */ = {
			isa = PBXContainerItemProxy;
			containerPortal = 24B482242DAEA74200F1CDC0 /* Project object */;
			proxyType = 1;
			remoteGlobalIDString = 24B4822B2DAEA74200F1CDC0;
			remoteInfo = failand;
		};
/* End PBXContainerItemProxy section */

/* Begin PBXFileReference section */
		24B4822C2DAEA74200F1CDC0 /* failand.app */ = {isa = PBXFileReference; explicitFileType = wrapper.application; includeInIndex = 0; path = failand.app; sourceTree = BUILT_PRODUCTS_DIR; };
		24B482452DAEA74300F1CDC0 /* failandTests.xctest */ = {isa = PBXFileReference; explicitFileType = wrapper.cfbundle; includeInIndex = 0; path = failandTests.xctest; sourceTree = BUILT_PRODUCTS_DIR; };
		24B4824F2DAEA74300F1CDC0 /* failandUITests.xctest */ = {isa = PBXFileReference; explicitFileType = wrapper.cfbundle; includeInIndex = 0; path = failandUITests.xctest; sourceTree = BUILT_PRODUCTS_DIR; };
/* End PBXFileReference section */

/* Begin PBXFileSystemSynchronizedRootGroup section */
		24B4822E2DAEA74200F1CDC0 /* failand */ = {
			isa = PBXFileSystemSynchronizedRootGroup;
			path = failand;
			sourceTree = "<group>";
		};
		24B482482DAEA74300F1CDC0 /* failandTests */ = {
			isa = PBXFileSystemSynchronizedRootGroup;
			path = failandTests;
			sourceTree = "<group>";
		};
		24B482522DAEA74300F1CDC0 /* failandUITests */ = {
			isa = PBXFileSystemSynchronizedRootGroup;
			path = failandUITests;
			sourceTree = "<group>";
		};
/* End PBXFileSystemSynchronizedRootGroup section */

/* Begin PBXFrameworksBuildPhase section */
		24B482292DAEA74200F1CDC0 /* Frameworks */ = {
			isa = PBXFrameworksBuildPhase;
			buildActionMask = 2147483647;
			files = (
			);
			runOnlyForDeploymentPostprocessing = 0;
		};
		24B482422DAEA74300F1CDC0 /* Frameworks */ = {
			isa = PBXFrameworksBuildPhase;
			buildActionMask = 2147483647;
			files = (
			);
			runOnlyForDeploymentPostprocessing = 0;
		};
		24B4824C2DAEA74300F1CDC0 /* Frameworks */ = {
			isa = PBXFrameworksBuildPhase;
			buildActionMask = 2147483647;
			files = (
			);
			runOnlyForDeploymentPostprocessing = 0;
		};
/* End PBXFrameworksBuildPhase section */

/* Begin PBXGroup section */
		24B482232DAEA74200F1CDC0 = {
			isa = PBXGroup;
			children = (
				24B4822E2DAEA74200F1CDC0 /* failand */,
				24B482482DAEA74300F1CDC0 /* failandTests */,
				24B482522DAEA74300F1CDC0 /* failandUITests */,
				24B4822D2DAEA74200F1CDC0 /* Products */,
			);
			sourceTree = "<group>";
		};
		24B4822D2DAEA74200F1CDC0 /* Products */ = {
			isa = PBXGroup;
			children = (
				24B4822C2DAEA74200F1CDC0 /* failand.app */,
				24B482452DAEA74300F1CDC0 /* failandTests.xctest */,
				24B4824F2DAEA74300F1CDC0 /* failandUITests.xctest */,
			);
			name = Products;
			sourceTree = "<group>";
		};
/* End PBXGroup section */

/* Begin PBXNativeTarget section */
		24B4822B2DAEA74200F1CDC0 /* failand */ = {
			isa = PBXNativeTarget;
			buildConfigurationList = 24B482592DAEA74300F1CDC0 /* Build configuration list for PBXNativeTarget "failand" */;
			buildPhases = (
				24B482282DAEA74200F1CDC0 /* Sources */,
				24B482292DAEA74200F1CDC0 /* Frameworks */,
				24B4822A2DAEA74200F1CDC0 /* Resources */,
			);
			buildRules = (
			);
			dependencies = (
			);
			fileSystemSynchronizedGroups = (
				24B4822E2DAEA74200F1CDC0 /* failand */,
			);
			name = failand;
			packageProductDependencies = (
			);
			productName = failand;
			productReference = 24B4822C2DAEA74200F1CDC0 /* failand.app */;
			productType = "com.apple.product-type.application";
		};
		24B482442DAEA74300F1CDC0 /* failandTests */ = {
			isa = PBXNativeTarget;
			buildConfigurationList = 24B4825C2DAEA74300F1CDC0 /* Build configuration list for PBXNativeTarget "failandTests" */;
			buildPhases = (
				24B482412DAEA74300F1CDC0 /* Sources */,
				24B482422DAEA74300F1CDC0 /* Frameworks */,
				24B482432DAEA74300F1CDC0 /* Resources */,
			);
			buildRules = (
			);
			dependencies = (
				24B482472DAEA74300F1CDC0 /* PBXTargetDependency */,
			);
			fileSystemSynchronizedGroups = (
				24B482482DAEA74300F1CDC0 /* failandTests */,
			);
			name = failandTests;
			packageProductDependencies = (
			);
			productName = failandTests;
			productReference = 24B482452DAEA74300F1CDC0 /* failandTests.xctest */;
			productType = "com.apple.product-type.bundle.unit-test";
		};
		24B4824E2DAEA74300F1CDC0 /* failandUITests */ = {
			isa = PBXNativeTarget;
			buildConfigurationList = 24B4825F2DAEA74300F1CDC0 /* Build configuration list for PBXNativeTarget "failandUITests" */;
			buildPhases = (
				24B4824B2DAEA74300F1CDC0 /* Sources */,
				24B4824C2DAEA74300F1CDC0 /* Frameworks */,
				24B4824D2DAEA74300F1CDC0 /* Resources */,
			);
			buildRules = (
			);
			dependencies = (
				24B482512DAEA74300F1CDC0 /* PBXTargetDependency */,
			);
			fileSystemSynchronizedGroups = (
				24B482522DAEA74300F1CDC0 /* failandUITests */,
			);
			name = failandUITests;
			packageProductDependencies = (
			);
			productName = failandUITests;
			productReference = 24B4824F2DAEA74300F1CDC0 /* failandUITests.xctest */;
			productType = "com.apple.product-type.bundle.ui-testing";
		};
/* End PBXNativeTarget section */

/* Begin PBXProject section */
		24B482242DAEA74200F1CDC0 /* Project object */ = {
			isa = PBXProject;
			attributes = {
				BuildIndependentTargetsInParallel = 1;
				LastSwiftUpdateCheck = 1620;
				LastUpgradeCheck = 1620;
				TargetAttributes = {
					24B4822B2DAEA74200F1CDC0 = {
						CreatedOnToolsVersion = 16.2;
					};
					24B482442DAEA74300F1CDC0 = {
						CreatedOnToolsVersion = 16.2;
						TestTargetID = 24B4822B2DAEA74200F1CDC0;
					};
					24B4824E2DAEA74300F1CDC0 = {
						CreatedOnToolsVersion = 16.2;
						TestTargetID = 24B4822B2DAEA74200F1CDC0;
					};
				};
			};
			buildConfigurationList = 24B482272DAEA74200F1CDC0 /* Build configuration list for PBXProject "failand" */;
			developmentRegion = en;
			hasScannedForEncodings = 0;
			knownRegions = (
				en,
				Base,
			);
			mainGroup = 24B482232DAEA74200F1CDC0;
			minimizedProjectReferenceProxies = 1;
			preferredProjectObjectVersion = 77;
			productRefGroup = 24B4822D2DAEA74200F1CDC0 /* Products */;
			projectDirPath = "";
			projectRoot = "";
			targets = (
				24B4822B2DAEA74200F1CDC0 /* failand */,
				24B482442DAEA74300F1CDC0 /* failandTests */,
				24B4824E2DAEA74300F1CDC0 /* failandUITests */,
			);
		};
/* End PBXProject section */

/* Begin PBXResourcesBuildPhase section */
		24B4822A2DAEA74200F1CDC0 /* Resources */ = {
			isa = PBXResourcesBuildPhase;
			buildActionMask = 2147483647;
			files = (
			);
			runOnlyForDeploymentPostprocessing = 0;
		};
		24B482432DAEA74300F1CDC0 /* Resources */ = {
			isa = PBXResourcesBuildPhase;
			buildActionMask = 2147483647;
			files = (
			);
			runOnlyForDeploymentPostprocessing = 0;
		};
		24B4824D2DAEA74300F1CDC0 /* Resources */ = {
			isa = PBXResourcesBuildPhase;
			buildActionMask = 2147483647;
			files = (
			);
			runOnlyForDeploymentPostprocessing = 0;
		};
/* End PBXResourcesBuildPhase section */

/* Begin PBXSourcesBuildPhase section */
		24B482282DAEA74200F1CDC0 /* Sources */ = {
			isa = PBXSourcesBuildPhase;
			buildActionMask = 2147483647;
			files = (
			);
			runOnlyForDeploymentPostprocessing = 0;
		};
		24B482412DAEA74300F1CDC0 /* Sources */ = {
			isa = PBXSourcesBuildPhase;
			buildActionMask = 2147483647;
			files = (
			);
			runOnlyForDeploymentPostprocessing = 0;
		};
		24B4824B2DAEA74300F1CDC0 /* Sources */ = {
			isa = PBXSourcesBuildPhase;
			buildActionMask = 2147483647;
			files = (
			);
			runOnlyForDeploymentPostprocessing = 0;
		};
/* End PBXSourcesBuildPhase section */

/* Begin PBXTargetDependency section */
		24B482472DAEA74300F1CDC0 /* PBXTargetDependency */ = {
			isa = PBXTargetDependency;
			target = 24B4822B2DAEA74200F1CDC0 /* failand */;
			targetProxy = 24B482462DAEA74300F1CDC0 /* PBXContainerItemProxy */;
		};
		24B482512DAEA74300F1CDC0 /* PBXTargetDependency */ = {
			isa = PBXTargetDependency;
			target = 24B4822B2DAEA74200F1CDC0 /* failand */;
			targetProxy = 24B482502DAEA74300F1CDC0 /* PBXContainerItemProxy */;
		};
/* End PBXTargetDependency section */

/* Begin XCBuildConfiguration section */
		24B482572DAEA74300F1CDC0 /* Debug */ = {
			isa = XCBuildConfiguration;
			buildSettings = {
				ALWAYS_SEARCH_USER_PATHS = NO;
				ASSETCATALOG_COMPILER_GENERATE_SWIFT_ASSET_SYMBOL_EXTENSIONS = YES;
				CLANG_ANALYZER_NONNULL = YES;
				CLANG_ANALYZER_NUMBER_OBJECT_CONVERSION = YES_AGGRESSIVE;
				CLANG_CXX_LANGUAGE_STANDARD = "gnu++20";
				CLANG_ENABLE_MODULES = YES;
				CLANG_ENABLE_OBJC_ARC = YES;
				CLANG_ENABLE_OBJC_WEAK = YES;
				CLANG_WARN_BLOCK_CAPTURE_AUTORELEASING = YES;
				CLANG_WARN_BOOL_CONVERSION = YES;
				CLANG_WARN_COMMA = YES;
				CLANG_WARN_CONSTANT_CONVERSION = YES;
				CLANG_WARN_DEPRECATED_OBJC_IMPLEMENTATIONS = YES;
				CLANG_WARN_DIRECT_OBJC_ISA_USAGE = YES_ERROR;
				CLANG_WARN_DOCUMENTATION_COMMENTS = YES;
				CLANG_WARN_EMPTY_BODY = YES;
				CLANG_WARN_ENUM_CONVERSION = YES;
				CLANG_WARN_INFINITE_RECURSION = YES;
				CLANG_WARN_INT_CONVERSION = YES;
				CLANG_WARN_NON_LITERAL_NULL_CONVERSION = YES;
				CLANG_WARN_OBJC_IMPLICIT_RETAIN_SELF = YES;
				CLANG_WARN_OBJC_LITERAL_CONVERSION = YES;
				CLANG_WARN_OBJC_ROOT_CLASS = YES_ERROR;
				CLANG_WARN_QUOTED_INCLUDE_IN_FRAMEWORK_HEADER = YES;
				CLANG_WARN_RANGE_LOOP_ANALYSIS = YES;
				CLANG_WARN_STRICT_PROTOTYPES = YES;
				CLANG_WARN_SUSPICIOUS_MOVE = YES;
				CLANG_WARN_UNGUARDED_AVAILABILITY = YES_AGGRESSIVE;
				CLANG_WARN_UNREACHABLE_CODE = YES;
				CLANG_WARN__DUPLICATE_METHOD_MATCH = YES;
				COPY_PHASE_STRIP = NO;
				DEBUG_INFORMATION_FORMAT = dwarf;
				ENABLE_STRICT_OBJC_MSGSEND = YES;
				ENABLE_TESTABILITY = YES;
				ENABLE_USER_SCRIPT_SANDBOXING = YES;
				GCC_C_LANGUAGE_STANDARD = gnu17;
				GCC_DYNAMIC_NO_PIC = NO;
				GCC_NO_COMMON_BLOCKS = YES;
				GCC_OPTIMIZATION_LEVEL = 0;
				GCC_PREPROCESSOR_DEFINITIONS = (
					"DEBUG=1",
					"$(inherited)",
				);
				GCC_WARN_64_TO_32_BIT_CONVERSION = YES;
				GCC_WARN_ABOUT_RETURN_TYPE = YES_ERROR;
				GCC_WARN_UNDECLARED_SELECTOR = YES;
				GCC_WARN_UNINITIALIZED_AUTOS = YES_AGGRESSIVE;
				GCC_WARN_UNUSED_FUNCTION = YES;
				GCC_WARN_UNUSED_VARIABLE = YES;
				IPHONEOS_DEPLOYMENT_TARGET = 18.2;
				LOCALIZATION_PREFERS_STRING_CATALOGS = YES;
				MTL_ENABLE_DEBUG_INFO = INCLUDE_SOURCE;
				MTL_FAST_MATH = YES;
				ONLY_ACTIVE_ARCH = YES;
				SDKROOT = iphoneos;
				SWIFT_ACTIVE_COMPILATION_CONDITIONS = "DEBUG $(inherited)";
				SWIFT_OPTIMIZATION_LEVEL = "-Onone";
			};
			name = Debug;
		};
		24B482582DAEA74300F1CDC0 /* Release */ = {
			isa = XCBuildConfiguration;
			buildSettings = {
				ALWAYS_SEARCH_USER_PATHS = NO;
				ASSETCATALOG_COMPILER_GENERATE_SWIFT_ASSET_SYMBOL_EXTENSIONS = YES;
				CLANG_ANALYZER_NONNULL = YES;
				CLANG_ANALYZER_NUMBER_OBJECT_CONVERSION = YES_AGGRESSIVE;
				CLANG_CXX_LANGUAGE_STANDARD = "gnu++20";
				CLANG_ENABLE_MODULES = YES;
				CLANG_ENABLE_OBJC_ARC = YES;
				CLANG_ENABLE_OBJC_WEAK = YES;
				CLANG_WARN_BLOCK_CAPTURE_AUTORELEASING = YES;
				CLANG_WARN_BOOL_CONVERSION = YES;
				CLANG_WARN_COMMA = YES;
				CLANG_WARN_CONSTANT_CONVERSION = YES;
				CLANG_WARN_DEPRECATED_OBJC_IMPLEMENTATIONS = YES;
				CLANG_WARN_DIRECT_OBJC_ISA_USAGE = YES_ERROR;
				CLANG_WARN_DOCUMENTATION_COMMENTS = YES;
				CLANG_WARN_EMPTY_BODY = YES;
				CLANG_WARN_ENUM_CONVERSION = YES;
				CLANG_WARN_INFINITE_RECURSION = YES;
				CLANG_WARN_INT_CONVERSION = YES;
				CLANG_WARN_NON_LITERAL_NULL_CONVERSION = YES;
				CLANG_WARN_OBJC_IMPLICIT_RETAIN_SELF = YES;
				CLANG_WARN_OBJC_LITERAL_CONVERSION = YES;
				CLANG_WARN_OBJC_ROOT_CLASS = YES_ERROR;
				CLANG_WARN_QUOTED_INCLUDE_IN_FRAMEWORK_HEADER = YES;
				CLANG_WARN_RANGE_LOOP_ANALYSIS = YES;
				CLANG_WARN_STRICT_PROTOTYPES = YES;
				CLANG_WARN_SUSPICIOUS_MOVE = YES;
				CLANG_WARN_UNGUARDED_AVAILABILITY = YES_AGGRESSIVE;
				CLANG_WARN_UNREACHABLE_CODE = YES;
				CLANG_WARN__DUPLICATE_METHOD_MATCH = YES;
				COPY_PHASE_STRIP = NO;
				DEBUG_INFORMATION_FORMAT = "dwarf-with-dsym";
				ENABLE_NS_ASSERTIONS = NO;
				ENABLE_STRICT_OBJC_MSGSEND = YES;
				ENABLE_USER_SCRIPT_SANDBOXING = YES;
				GCC_C_LANGUAGE_STANDARD = gnu17;
				GCC_NO_COMMON_BLOCKS = YES;
				GCC_WARN_64_TO_32_BIT_CONVERSION = YES;
				GCC_WARN_ABOUT_RETURN_TYPE = YES_ERROR;
				GCC_WARN_UNDECLARED_SELECTOR = YES;
				GCC_WARN_UNINITIALIZED_AUTOS = YES_AGGRESSIVE;
				GCC_WARN_UNUSED_FUNCTION = YES;
				GCC_WARN_UNUSED_VARIABLE = YES;
				IPHONEOS_DEPLOYMENT_TARGET = 18.2;
				LOCALIZATION_PREFERS_STRING_CATALOGS = YES;
				MTL_ENABLE_DEBUG_INFO = NO;
				MTL_FAST_MATH = YES;
				SDKROOT = iphoneos;
				SWIFT_COMPILATION_MODE = wholemodule;
				VALIDATE_PRODUCT = YES;
			};
			name = Release;
		};
		24B4825A2DAEA74300F1CDC0 /* Debug */ = {
			isa = XCBuildConfiguration;
			buildSettings = {
				ASSETCATALOG_COMPILER_APPICON_NAME = AppIcon;
				ASSETCATALOG_COMPILER_GLOBAL_ACCENT_COLOR_NAME = AccentColor;
				CODE_SIGN_STYLE = Automatic;
				CURRENT_PROJECT_VERSION = 1;
				DEVELOPMENT_TEAM = Z3LX4S2D68;
				GENERATE_INFOPLIST_FILE = YES;
				INFOPLIST_KEY_UIApplicationSupportsIndirectInputEvents = YES;
				INFOPLIST_KEY_UILaunchStoryboardName = LaunchScreen;
				INFOPLIST_KEY_UIMainStoryboardFile = Main;
				INFOPLIST_KEY_UIStatusBarHidden = YES;
				INFOPLIST_KEY_UISupportedInterfaceOrientations_iPad = "UIInterfaceOrientationLandscapeLeft UIInterfaceOrientationLandscapeRight";
				INFOPLIST_KEY_UISupportedInterfaceOrientations_iPhone = "UIInterfaceOrientationLandscapeLeft UIInterfaceOrientationLandscapeRight";
				LD_RUNPATH_SEARCH_PATHS = (
					"$(inherited)",
					"@executable_path/Frameworks",
				);
				MARKETING_VERSION = 1.0;
				PRODUCT_BUNDLE_IDENTIFIER = kr.pe.yeon.failand;
				PRODUCT_NAME = "$(TARGET_NAME)";
				SWIFT_EMIT_LOC_STRINGS = YES;
				SWIFT_VERSION = 5.0;
				TARGETED_DEVICE_FAMILY = "1,2";
			};
			name = Debug;
		};
		24B4825B2DAEA74300F1CDC0 /* Release */ = {
			isa = XCBuildConfiguration;
			buildSettings = {
				ASSETCATALOG_COMPILER_APPICON_NAME = AppIcon;
				ASSETCATALOG_COMPILER_GLOBAL_ACCENT_COLOR_NAME = AccentColor;
				CODE_SIGN_STYLE = Automatic;
				CURRENT_PROJECT_VERSION = 1;
				DEVELOPMENT_TEAM = Z3LX4S2D68;
				GENERATE_INFOPLIST_FILE = YES;
				INFOPLIST_KEY_UIApplicationSupportsIndirectInputEvents = YES;
				INFOPLIST_KEY_UILaunchStoryboardName = LaunchScreen;
				INFOPLIST_KEY_UIMainStoryboardFile = Main;
				INFOPLIST_KEY_UIStatusBarHidden = YES;
				INFOPLIST_KEY_UISupportedInterfaceOrientations_iPad = "UIInterfaceOrientationLandscapeLeft UIInterfaceOrientationLandscapeRight";
				INFOPLIST_KEY_UISupportedInterfaceOrientations_iPhone = "UIInterfaceOrientationLandscapeLeft UIInterfaceOrientationLandscapeRight";
				LD_RUNPATH_SEARCH_PATHS = (
					"$(inherited)",
					"@executable_path/Frameworks",
				);
				MARKETING_VERSION = 1.0;
				PRODUCT_BUNDLE_IDENTIFIER = kr.pe.yeon.failand;
				PRODUCT_NAME = "$(TARGET_NAME)";
				SWIFT_EMIT_LOC_STRINGS = YES;
				SWIFT_VERSION = 5.0;
				TARGETED_DEVICE_FAMILY = "1,2";
			};
			name = Release;
		};
		24B4825D2DAEA74300F1CDC0 /* Debug */ = {
			isa = XCBuildConfiguration;
			buildSettings = {
				BUNDLE_LOADER = "$(TEST_HOST)";
				CODE_SIGN_STYLE = Automatic;
				CURRENT_PROJECT_VERSION = 1;
				GENERATE_INFOPLIST_FILE = YES;
				IPHONEOS_DEPLOYMENT_TARGET = 18.2;
				MARKETING_VERSION = 1.0;
				PRODUCT_BUNDLE_IDENTIFIER = kr.pe.yeon.failandTests;
				PRODUCT_NAME = "$(TARGET_NAME)";
				SWIFT_EMIT_LOC_STRINGS = NO;
				SWIFT_VERSION = 5.0;
				TARGETED_DEVICE_FAMILY = "1,2";
				TEST_HOST = "$(BUILT_PRODUCTS_DIR)/failand.app/$(BUNDLE_EXECUTABLE_FOLDER_PATH)/failand";
			};
			name = Debug;
		};
		24B4825E2DAEA74300F1CDC0 /* Release */ = {
			isa = XCBuildConfiguration;
			buildSettings = {
				BUNDLE_LOADER = "$(TEST_HOST)";
				CODE_SIGN_STYLE = Automatic;
				CURRENT_PROJECT_VERSION = 1;
				GENERATE_INFOPLIST_FILE = YES;
				IPHONEOS_DEPLOYMENT_TARGET = 18.2;
				MARKETING_VERSION = 1.0;
				PRODUCT_BUNDLE_IDENTIFIER = kr.pe.yeon.failandTests;
				PRODUCT_NAME = "$(TARGET_NAME)";
				SWIFT_EMIT_LOC_STRINGS = NO;
				SWIFT_VERSION = 5.0;
				TARGETED_DEVICE_FAMILY = "1,2";
				TEST_HOST = "$(BUILT_PRODUCTS_DIR)/failand.app/$(BUNDLE_EXECUTABLE_FOLDER_PATH)/failand";
			};
			name = Release;
		};
		24B482602DAEA74300F1CDC0 /* Debug */ = {
			isa = XCBuildConfiguration;
			buildSettings = {
				CODE_SIGN_STYLE = Automatic;
				CURRENT_PROJECT_VERSION = 1;
				GENERATE_INFOPLIST_FILE = YES;
				MARKETING_VERSION = 1.0;
				PRODUCT_BUNDLE_IDENTIFIER = kr.pe.yeon.failandUITests;
				PRODUCT_NAME = "$(TARGET_NAME)";
				SWIFT_EMIT_LOC_STRINGS = NO;
				SWIFT_VERSION = 5.0;
				TARGETED_DEVICE_FAMILY = "1,2";
				TEST_TARGET_NAME = failand;
			};
			name = Debug;
		};
		24B482612DAEA74300F1CDC0 /* Release */ = {
			isa = XCBuildConfiguration;
			buildSettings = {
				CODE_SIGN_STYLE = Automatic;
				CURRENT_PROJECT_VERSION = 1;
				GENERATE_INFOPLIST_FILE = YES;
				MARKETING_VERSION = 1.0;
				PRODUCT_BUNDLE_IDENTIFIER = kr.pe.yeon.failandUITests;
				PRODUCT_NAME = "$(TARGET_NAME)";
				SWIFT_EMIT_LOC_STRINGS = NO;
				SWIFT_VERSION = 5.0;
				TARGETED_DEVICE_FAMILY = "1,2";
				TEST_TARGET_NAME = failand;
			};
			name = Release;
		};
/* End XCBuildConfiguration section */

/* Begin XCConfigurationList section */
		24B482272DAEA74200F1CDC0 /* Build configuration list for PBXProject "failand" */ = {
			isa = XCConfigurationList;
			buildConfigurations = (
				24B482572DAEA74300F1CDC0 /* Debug */,
				24B482582DAEA74300F1CDC0 /* Release */,
			);
			defaultConfigurationIsVisible = 0;
			defaultConfigurationName = Release;
		};
		24B482592DAEA74300F1CDC0 /* Build configuration list for PBXNativeTarget "failand" */ = {
			isa = XCConfigurationList;
			buildConfigurations = (
				24B4825A2DAEA74300F1CDC0 /* Debug */,
				24B4825B2DAEA74300F1CDC0 /* Release */,
			);
			defaultConfigurationIsVisible = 0;
			defaultConfigurationName = Release;
		};
		24B4825C2DAEA74300F1CDC0 /* Build configuration list for PBXNativeTarget "failandTests" */ = {
			isa = XCConfigurationList;
			buildConfigurations = (
				24B4825D2DAEA74300F1CDC0 /* Debug */,
				24B4825E2DAEA74300F1CDC0 /* Release */,
			);
			defaultConfigurationIsVisible = 0;
			defaultConfigurationName = Release;
		};
		24B4825F2DAEA74300F1CDC0 /* Build configuration list for PBXNativeTarget "failandUITests" */ = {
			isa = XCConfigurationList;
			buildConfigurations = (
				24B482602DAEA74300F1CDC0 /* Debug */,
				24B482612DAEA74300F1CDC0 /* Release */,
			);
			defaultConfigurationIsVisible = 0;
			defaultConfigurationName = Release;
		};
/* End XCConfigurationList section */
	};
	rootObject = 24B482242DAEA74200F1CDC0 /* Project object */;
}
